
Microsoft Visual Studio Solution File, Format Version 12.00
# Visual Studio Version 17
VisualStudioVersion = 17.5.33627.172
MinimumVisualStudioVersion = 10.0.40219.1
Project("{FAE04EC0-301F-11D3-BF4B-00C04F79EFBC}") = "SIMs SE06205", "SIMs SE06205\SIMs SE06205.csproj", "{CE203E8E-2CFD-42C4-B96C-7227019506D1}"
EndProject
Global
	GlobalSection(SolutionConfigurationPlatforms) = preSolution
		Debug|Any CPU = Debug|Any CPU
		Release|Any CPU = Release|Any CPU
	EndGlobalSection
	GlobalSection(ProjectConfigurationPlatforms) = postSolution
		{CE203E8E-2CFD-42C4-B96C-7227019506D1}.Debug|Any CPU.ActiveCfg = Debug|Any CPU
		{CE203E8E-2CFD-42C4-B96C-7227019506D1}.Debug|Any CPU.Build.0 = Debug|Any CPU
		{CE203E8E-2CFD-42C4-B96C-7227019506D1}.Release|Any CPU.ActiveCfg = Release|Any CPU
		{CE203E8E-2CFD-42C4-B96C-7227019506D1}.Release|Any CPU.Build.0 = Release|Any CPU
	EndGlobalSection
	GlobalSection(SolutionProperties) = preSolution
		HideSolutionNode = FALSE
	EndGlobalSection
	GlobalSection(ExtensibilityGlobals) = postSolution
		SolutionGuid = {5381C795-F039-4BE9-B7FF-D879BB0C9218}
	EndGlobalSection
EndGlobal
